
Microsoft Visual Studio Solution File, Format Version 11.00
# Visual Studio 2010
Project("{FAE04EC0-301F-11D3-BF4B-00C04F79EFBC}") = "Assembly-CSharp", "Assembly-CSharp.csproj", "{7056F8E2-2927-5DC2-C3A4-587689F8AAFA}"
EndProject
Global
	GlobalSection(SolutionConfigurationPlatforms) = preSolution
		Debug|Any CPU = Debug|Any CPU
		Release|Any CPU = Release|Any CPU
	EndGlobalSection
	GlobalSection(ProjectConfigurationPlatforms) = postSolution
		{7056F8E2-2927-5DC2-C3A4-587689F8AAFA}.Debug|Any CPU.ActiveCfg = Debug|Any CPU
		{7056F8E2-2927-5DC2-C3A4-587689F8AAFA}.Debug|Any CPU.Build.0 = Debug|Any CPU
		{7056F8E2-2927-5DC2-C3A4-587689F8AAFA}.Release|Any CPU.ActiveCfg = Release|Any CPU
		{7056F8E2-2927-5DC2-C3A4-587689F8AAFA}.Release|Any CPU.Build.0 = Release|Any CPU
	EndGlobalSection
	GlobalSection(SolutionProperties) = preSolution
		HideSolutionNode = FALSE
	EndGlobalSection
EndGlobal
